github.com/Q1mi/canal-go v0.1.0 h1:Z/GcXk/N8o4ntPLpfq6wJA/LJ/cFZOtVzDEdr+tXZAU=
github.com/Q1mi/canal-go v0.1.0/go.mod h1:QOmTW8JIX14v2nv+eUUtqcTAjHntczQ3cU3O9ctvKIQ=
github.com/google/go-cmp v0.6.0 h1:ofyhxvXcZhMsU5ulbFiLKl/XBFqE1GSq7atu8tAmTRI=
github.com/google/go-cmp v0.6.0/go.mod h1:17dUlkBOakJ0+DkrSSNjCkIjxS6bF9zb3elmeNGIjoY=
github.com/samuel/go-zookeeper v0.0.0-20180130194729-c4fab1ac1bec h1:6ncX5ko6B9LntYM0YBRXkiSaZMmLYeZ/NWcmeB43mMY=
github.com/samuel/go-zookeeper v0.0.0-20180130194729-c4fab1ac1bec/go.mod h1:gi+0XIa01GRL2eRQVjQkKGqKF3SF9vZR/HnPullcV2E=
google.golang.org/protobuf v1.36.6 h1:z1NpPI8ku2WgiWnf+t9wTPsn6eP1L7ksHUlkfLvd9xY=
google.golang.org/protobuf v1.36.6/go.mod h1:jduwjTPXsFjZGTmRluh+L6NjiWu7pchiJ2/5YcXBHnY=
